
Microsoft Visual Studio Solution File, Format Version 12.00
# Visual Studio 14
VisualStudioVersion = 14.0.23107.0
MinimumVisualStudioVersion = 10.0.40219.1
Project("{FAE04EC0-301F-11D3-BF4B-00C04F79EFBC}") = "Caculator_12_Trinh", "Caculation_12_Trinh\Caculator_12_Trinh.csproj", "{F4A74F41-67AB-4FDE-AD8D-1720A8F76EB2}"
EndProject
Project("{FAE04EC0-301F-11D3-BF4B-00C04F79EFBC}") = "CalculatorTester_12_Trinh", "CalculatorTester_12_Trinh\CalculatorTester_12_Trinh.csproj", "{246E9962-AA13-4F72-AD79-519410E01EFB}"
EndProject
Global
	GlobalSection(SolutionConfigurationPlatforms) = preSolution
		Debug|Any CPU = Debug|Any CPU
		Release|Any CPU = Release|Any CPU
	EndGlobalSection
	GlobalSection(ProjectConfigurationPlatforms) = postSolution
		{F4A74F41-67AB-4FDE-AD8D-1720A8F76EB2}.Debug|Any CPU.ActiveCfg = Debug|Any CPU
		{F4A74F41-67AB-4FDE-AD8D-1720A8F76EB2}.Debug|Any CPU.Build.0 = Debug|Any CPU
		{F4A74F41-67AB-4FDE-AD8D-1720A8F76EB2}.Release|Any CPU.ActiveCfg = Release|Any CPU
		{F4A74F41-67AB-4FDE-AD8D-1720A8F76EB2}.Release|Any CPU.Build.0 = Release|Any CPU
		{246E9962-AA13-4F72-AD79-519410E01EFB}.Debug|Any CPU.ActiveCfg = Debug|Any CPU
		{246E9962-AA13-4F72-AD79-519410E01EFB}.Debug|Any CPU.Build.0 = Debug|Any CPU
		{246E9962-AA13-4F72-AD79-519410E01EFB}.Release|Any CPU.ActiveCfg = Release|Any CPU
		{246E9962-AA13-4F72-AD79-519410E01EFB}.Release|Any CPU.Build.0 = Release|Any CPU
	EndGlobalSection
	GlobalSection(SolutionProperties) = preSolution
		HideSolutionNode = FALSE
	EndGlobalSection
EndGlobal
